
Microsoft Visual Studio Solution File, Format Version 12.00
# Visual Studio Version 17
VisualStudioVersion = 17.2.32519.379
MinimumVisualStudioVersion = 10.0.40219.1
Project("{FAE04EC0-301F-11D3-BF4B-00C04F79EFBC}") = "PoCElastic", "PoCElastic\PoCElastic.csproj", "{1A0CBD78-A022-42F3-8734-08EC2FC353E3}"
EndProject
Global
	GlobalSection(SolutionConfigurationPlatforms) = preSolution
		Debug|Any CPU = Debug|Any CPU
		Release|Any CPU = Release|Any CPU
	EndGlobalSection
	GlobalSection(ProjectConfigurationPlatforms) = postSolution
		{1A0CBD78-A022-42F3-8734-08EC2FC353E3}.Debug|Any CPU.ActiveCfg = Debug|Any CPU
		{1A0CBD78-A022-42F3-8734-08EC2FC353E3}.Debug|Any CPU.Build.0 = Debug|Any CPU
		{1A0CBD78-A022-42F3-8734-08EC2FC353E3}.Release|Any CPU.ActiveCfg = Release|Any CPU
		{1A0CBD78-A022-42F3-8734-08EC2FC353E3}.Release|Any CPU.Build.0 = Release|Any CPU
	EndGlobalSection
	GlobalSection(SolutionProperties) = preSolution
		HideSolutionNode = FALSE
	EndGlobalSection
	GlobalSection(ExtensibilityGlobals) = postSolution
		SolutionGuid = {A7AFCA6E-5F87-4C72-8FC4-E62B8D1F5ADA}
	EndGlobalSection
EndGlobal
